<?xml version="1.0" encoding="utf-8"?>
<Project ToolsVersion="4.0" xmlns="http://schemas.microsoft.com/developer/msbuild/2003">
  <ItemGroup>
    <Filter Include="Source Files">
      <UniqueIdentifier>{4FC737F1-C7A5-4376-A066-2A32D752A2FF}</UniqueIdentifier>
      <Extensions>cpp;c;cc;cxx;c++;def;odl;idl;hpj;bat;asm;asmx</Extensions>
    </Filter>
    <Filter Include="Resource Files">
      <UniqueIdentifier>{67DA6AB6-F800-4c08-8B7A-83BB121AAD01}</UniqueIdentifier>
      <Extensions>rc;ico;cur;bmp;dlg;rc2;rct;bin;rgs;gif;jpg;jpeg;jpe;resx;tiff;tif;png;wav;mfcribbon-ms</Extensions>
    </Filter>
  </ItemGroup>
  <ItemGroup>
    <ClCompile Include="Eiffel.cpp">
      <Filter>Source Files</Filter>
    </ClCompile>
    <ClCompile Include="ConsoleArguments.cpp">
      <Filter>Source Files</Filter>
    </ClCompile>
    <ClCompile Include="ProjectInfo.cpp">
      <Filter>Source Files</Filter>
    </ClCompile>
    <ClCompile Include="VisualStudioProjectFile.cpp">
      <Filter>Source Files</Filter>
    </ClCompile>
    <ClCompile Include="cpp20.cpp">
      <Filter>Source Files</Filter>
    </ClCompile>
    <ClCompile Include="xylo_xml.cpp">
      <Filter>Source Files</Filter>
    </ClCompile>
    <ClCompile Include="string_utils.cpp">
      <Filter>Source Files</Filter>
    </ClCompile>
    <ClCompile Include="guid.cpp">
      <Filter>Source Files</Filter>
    </ClCompile>
    <ClCompile Include="SolutionManager.cpp">
      <Filter>Source Files</Filter>
    </ClCompile>
    <ClCompile Include="NugetPackage.cpp">
      <Filter>Source Files</Filter>
    </ClCompile>
  </ItemGroup>
  <ItemGroup>
    <None Include="packages.config" />
  </ItemGroup>
  <ItemGroup>
    <ClInclude Include="ConsoleArguments.h">
      <Filter>Source Files</Filter>
    </ClInclude>
    <ClInclude Include="ProjectInfo.h">
      <Filter>Source Files</Filter>
    </ClInclude>
    <ClInclude Include="VisualStudioProjectFile.h">
      <Filter>Source Files</Filter>
    </ClInclude>
    <ClInclude Include="cpp20.h">
      <Filter>Source Files</Filter>
    </ClInclude>
    <ClInclude Include="xylo_xml.h">
      <Filter>Source Files</Filter>
    </ClInclude>
    <ClInclude Include="string_utils.h">
      <Filter>Source Files</Filter>
    </ClInclude>
    <ClInclude Include="guid.h">
      <Filter>Source Files</Filter>
    </ClInclude>
    <ClInclude Include="SolutionManager.h">
      <Filter>Source Files</Filter>
    </ClInclude>
    <ClInclude Include="NugetPackage.h">
      <Filter>Source Files</Filter>
    </ClInclude>
  </ItemGroup>
</Project>